
Microsoft Visual Studio Solution File, Format Version 12.00
# Visual Studio Version 17
VisualStudioVersion = 17.13.35913.81
MinimumVisualStudioVersion = 10.0.40219.1
Project("{FAE04EC0-301F-11D3-BF4B-00C04F79EFBC}") = "SimpleFactory", "SimpleFactory\SimpleFactory.csproj", "{E89807E2-9F13-4332-946B-C26DA14E8102}"
EndProject
Project("{FAE04EC0-301F-11D3-BF4B-00C04F79EFBC}") = "FactoryMethod", "FactoryMethod\FactoryMethod.csproj", "{F5393A77-B9AC-43A7-8BAF-7B11378D6E09}"
EndProject
Project("{FAE04EC0-301F-11D3-BF4B-00C04F79EFBC}") = "AbstractFactory", "AbstractFactory\AbstractFactory.csproj", "{748074F0-CA4C-4382-997C-49470BD4B3E5}"
EndProject
Project("{FAE04EC0-301F-11D3-BF4B-00C04F79EFBC}") = "Builder", "Builder\Builder.csproj", "{5734099B-315B-4A40-B923-5B9EF2767711}"
EndProject
Project("{FAE04EC0-301F-11D3-BF4B-00C04F79EFBC}") = "ProtoType", "ProtoType\ProtoType.csproj", "{39721C83-1ABC-422D-B136-3EF94B602398}"
EndProject
Project("{FAE04EC0-301F-11D3-BF4B-00C04F79EFBC}") = "Singleton", "Singleton\Singleton.csproj", "{A4EBD796-20E9-4D46-978F-A0953820C96B}"
EndProject
Project("{FAE04EC0-301F-11D3-BF4B-00C04F79EFBC}") = "Adapter", "Adapter\Adapter.csproj", "{77810678-C5A2-4F2D-9E50-1264C6C3A3FF}"
EndProject
Project("{FAE04EC0-301F-11D3-BF4B-00C04F79EFBC}") = "Bridge", "Bridge\Bridge.csproj", "{10A2DC36-04A6-47CB-A07A-47EF29607C82}"
EndProject
Project("{FAE04EC0-301F-11D3-BF4B-00C04F79EFBC}") = "Composite", "Composite\Composite.csproj", "{DF96B5C1-63D7-4973-89FB-FE05F9F381F6}"
EndProject
Project("{FAE04EC0-301F-11D3-BF4B-00C04F79EFBC}") = "Decorator", "Decorator\Decorator.csproj", "{123CEB6F-C0BF-4D49-807E-93CC3055375E}"
EndProject
Project("{FAE04EC0-301F-11D3-BF4B-00C04F79EFBC}") = "Facade", "Facade\Facade.csproj", "{6EAC051F-39B8-4844-A2FD-04269AEB7DAB}"
EndProject
Project("{FAE04EC0-301F-11D3-BF4B-00C04F79EFBC}") = "FlyWeight", "FlyWeight\FlyWeight.csproj", "{E3D63507-413A-4DB6-9BA5-2BAD7ED655F8}"
EndProject
Project("{FAE04EC0-301F-11D3-BF4B-00C04F79EFBC}") = "Proxy", "Proxy\Proxy.csproj", "{18541463-115A-4A50-BA43-FC94BEBEC84E}"
EndProject
Project("{FAE04EC0-301F-11D3-BF4B-00C04F79EFBC}") = "ChainOfResponsibility", "ChainOfResponsibility\ChainOfResponsibility.csproj", "{305CD3DE-8F01-41CC-8789-AAE70E5A8777}"
EndProject
Global
	GlobalSection(SolutionConfigurationPlatforms) = preSolution
		Debug|Any CPU = Debug|Any CPU
		Release|Any CPU = Release|Any CPU
	EndGlobalSection
	GlobalSection(ProjectConfigurationPlatforms) = postSolution
		{E89807E2-9F13-4332-946B-C26DA14E8102}.Debug|Any CPU.ActiveCfg = Debug|Any CPU
		{E89807E2-9F13-4332-946B-C26DA14E8102}.Debug|Any CPU.Build.0 = Debug|Any CPU
		{E89807E2-9F13-4332-946B-C26DA14E8102}.Release|Any CPU.ActiveCfg = Release|Any CPU
		{E89807E2-9F13-4332-946B-C26DA14E8102}.Release|Any CPU.Build.0 = Release|Any CPU
		{F5393A77-B9AC-43A7-8BAF-7B11378D6E09}.Debug|Any CPU.ActiveCfg = Debug|Any CPU
		{F5393A77-B9AC-43A7-8BAF-7B11378D6E09}.Debug|Any CPU.Build.0 = Debug|Any CPU
		{F5393A77-B9AC-43A7-8BAF-7B11378D6E09}.Release|Any CPU.ActiveCfg = Release|Any CPU
		{F5393A77-B9AC-43A7-8BAF-7B11378D6E09}.Release|Any CPU.Build.0 = Release|Any CPU
		{748074F0-CA4C-4382-997C-49470BD4B3E5}.Debug|Any CPU.ActiveCfg = Debug|Any CPU
		{748074F0-CA4C-4382-997C-49470BD4B3E5}.Debug|Any CPU.Build.0 = Debug|Any CPU
		{748074F0-CA4C-4382-997C-49470BD4B3E5}.Release|Any CPU.ActiveCfg = Release|Any CPU
		{748074F0-CA4C-4382-997C-49470BD4B3E5}.Release|Any CPU.Build.0 = Release|Any CPU
		{5734099B-315B-4A40-B923-5B9EF2767711}.Debug|Any CPU.ActiveCfg = Debug|Any CPU
		{5734099B-315B-4A40-B923-5B9EF2767711}.Debug|Any CPU.Build.0 = Debug|Any CPU
		{5734099B-315B-4A40-B923-5B9EF2767711}.Release|Any CPU.ActiveCfg = Release|Any CPU
		{5734099B-315B-4A40-B923-5B9EF2767711}.Release|Any CPU.Build.0 = Release|Any CPU
		{39721C83-1ABC-422D-B136-3EF94B602398}.Debug|Any CPU.ActiveCfg = Debug|Any CPU
		{39721C83-1ABC-422D-B136-3EF94B602398}.Debug|Any CPU.Build.0 = Debug|Any CPU
		{39721C83-1ABC-422D-B136-3EF94B602398}.Release|Any CPU.ActiveCfg = Release|Any CPU
		{39721C83-1ABC-422D-B136-3EF94B602398}.Release|Any CPU.Build.0 = Release|Any CPU
		{A4EBD796-20E9-4D46-978F-A0953820C96B}.Debug|Any CPU.ActiveCfg = Debug|Any CPU
		{A4EBD796-20E9-4D46-978F-A0953820C96B}.Debug|Any CPU.Build.0 = Debug|Any CPU
		{A4EBD796-20E9-4D46-978F-A0953820C96B}.Release|Any CPU.ActiveCfg = Release|Any CPU
		{A4EBD796-20E9-4D46-978F-A0953820C96B}.Release|Any CPU.Build.0 = Release|Any CPU
		{77810678-C5A2-4F2D-9E50-1264C6C3A3FF}.Debug|Any CPU.ActiveCfg = Debug|Any CPU
		{77810678-C5A2-4F2D-9E50-1264C6C3A3FF}.Debug|Any CPU.Build.0 = Debug|Any CPU
		{77810678-C5A2-4F2D-9E50-1264C6C3A3FF}.Release|Any CPU.ActiveCfg = Release|Any CPU
		{77810678-C5A2-4F2D-9E50-1264C6C3A3FF}.Release|Any CPU.Build.0 = Release|Any CPU
		{10A2DC36-04A6-47CB-A07A-47EF29607C82}.Debug|Any CPU.ActiveCfg = Debug|Any CPU
		{10A2DC36-04A6-47CB-A07A-47EF29607C82}.Debug|Any CPU.Build.0 = Debug|Any CPU
		{10A2DC36-04A6-47CB-A07A-47EF29607C82}.Release|Any CPU.ActiveCfg = Release|Any CPU
		{10A2DC36-04A6-47CB-A07A-47EF29607C82}.Release|Any CPU.Build.0 = Release|Any CPU
		{DF96B5C1-63D7-4973-89FB-FE05F9F381F6}.Debug|Any CPU.ActiveCfg = Debug|Any CPU
		{DF96B5C1-63D7-4973-89FB-FE05F9F381F6}.Debug|Any CPU.Build.0 = Debug|Any CPU
		{DF96B5C1-63D7-4973-89FB-FE05F9F381F6}.Release|Any CPU.ActiveCfg = Release|Any CPU
		{DF96B5C1-63D7-4973-89FB-FE05F9F381F6}.Release|Any CPU.Build.0 = Release|Any CPU
		{123CEB6F-C0BF-4D49-807E-93CC3055375E}.Debug|Any CPU.ActiveCfg = Debug|Any CPU
		{123CEB6F-C0BF-4D49-807E-93CC3055375E}.Debug|Any CPU.Build.0 = Debug|Any CPU
		{123CEB6F-C0BF-4D49-807E-93CC3055375E}.Release|Any CPU.ActiveCfg = Release|Any CPU
		{123CEB6F-C0BF-4D49-807E-93CC3055375E}.Release|Any CPU.Build.0 = Release|Any CPU
		{6EAC051F-39B8-4844-A2FD-04269AEB7DAB}.Debug|Any CPU.ActiveCfg = Debug|Any CPU
		{6EAC051F-39B8-4844-A2FD-04269AEB7DAB}.Debug|Any CPU.Build.0 = Debug|Any CPU
		{6EAC051F-39B8-4844-A2FD-04269AEB7DAB}.Release|Any CPU.ActiveCfg = Release|Any CPU
		{6EAC051F-39B8-4844-A2FD-04269AEB7DAB}.Release|Any CPU.Build.0 = Release|Any CPU
		{E3D63507-413A-4DB6-9BA5-2BAD7ED655F8}.Debug|Any CPU.ActiveCfg = Debug|Any CPU
		{E3D63507-413A-4DB6-9BA5-2BAD7ED655F8}.Debug|Any CPU.Build.0 = Debug|Any CPU
		{E3D63507-413A-4DB6-9BA5-2BAD7ED655F8}.Release|Any CPU.ActiveCfg = Release|Any CPU
		{E3D63507-413A-4DB6-9BA5-2BAD7ED655F8}.Release|Any CPU.Build.0 = Release|Any CPU
		{18541463-115A-4A50-BA43-FC94BEBEC84E}.Debug|Any CPU.ActiveCfg = Debug|Any CPU
		{18541463-115A-4A50-BA43-FC94BEBEC84E}.Debug|Any CPU.Build.0 = Debug|Any CPU
		{18541463-115A-4A50-BA43-FC94BEBEC84E}.Release|Any CPU.ActiveCfg = Release|Any CPU
		{18541463-115A-4A50-BA43-FC94BEBEC84E}.Release|Any CPU.Build.0 = Release|Any CPU
		{305CD3DE-8F01-41CC-8789-AAE70E5A8777}.Debug|Any CPU.ActiveCfg = Debug|Any CPU
		{305CD3DE-8F01-41CC-8789-AAE70E5A8777}.Debug|Any CPU.Build.0 = Debug|Any CPU
		{305CD3DE-8F01-41CC-8789-AAE70E5A8777}.Release|Any CPU.ActiveCfg = Release|Any CPU
		{305CD3DE-8F01-41CC-8789-AAE70E5A8777}.Release|Any CPU.Build.0 = Release|Any CPU
	EndGlobalSection
	GlobalSection(SolutionProperties) = preSolution
		HideSolutionNode = FALSE
	EndGlobalSection
	GlobalSection(ExtensibilityGlobals) = postSolution
		SolutionGuid = {94F0FE3D-1CDD-4D12-83A8-ACE56FA02F84}
	EndGlobalSection
EndGlobal
